
Microsoft Visual Studio Solution File, Format Version 12.00
# Visual Studio 15
Project("{FAE04EC0-301F-11D3-BF4B-00C04F79EFBC}") = "Assembly-CSharp", "Assembly-CSharp.csproj", "{FFB5DFFB-D445-9546-7D02-B36D10112AA2}"
EndProject
Project("{FAE04EC0-301F-11D3-BF4B-00C04F79EFBC}") = "Assembly-CSharp-firstpass", "Assembly-CSharp-firstpass.csproj", "{A08977B1-964F-E57A-A56E-B45F4A8A1326}"
EndProject
Project("{FAE04EC0-301F-11D3-BF4B-00C04F79EFBC}") = "Assembly-CSharp-Editor-firstpass", "Assembly-CSharp-Editor-firstpass.csproj", "{331B7104-F686-2CE6-BA9E-2E845A30511F}"
EndProject
Project("{FAE04EC0-301F-11D3-BF4B-00C04F79EFBC}") = "Assembly-CSharp-Editor", "Assembly-CSharp-Editor.csproj", "{CCDD7246-8228-DC21-F57C-382DE2B41D60}"
EndProject
Global
	GlobalSection(SolutionConfigurationPlatforms) = preSolution
		Debug|Any CPU = Debug|Any CPU
		Release|Any CPU = Release|Any CPU
	EndGlobalSection
	GlobalSection(ProjectConfigurationPlatforms) = postSolution
		{FFB5DFFB-D445-9546-7D02-B36D10112AA2}.Debug|Any CPU.ActiveCfg = Debug|Any CPU
		{FFB5DFFB-D445-9546-7D02-B36D10112AA2}.Debug|Any CPU.Build.0 = Debug|Any CPU
		{FFB5DFFB-D445-9546-7D02-B36D10112AA2}.Release|Any CPU.ActiveCfg = Release|Any CPU
		{FFB5DFFB-D445-9546-7D02-B36D10112AA2}.Release|Any CPU.Build.0 = Release|Any CPU
		{A08977B1-964F-E57A-A56E-B45F4A8A1326}.Debug|Any CPU.ActiveCfg = Debug|Any CPU
		{A08977B1-964F-E57A-A56E-B45F4A8A1326}.Debug|Any CPU.Build.0 = Debug|Any CPU
		{A08977B1-964F-E57A-A56E-B45F4A8A1326}.Release|Any CPU.ActiveCfg = Release|Any CPU
		{A08977B1-964F-E57A-A56E-B45F4A8A1326}.Release|Any CPU.Build.0 = Release|Any CPU
		{331B7104-F686-2CE6-BA9E-2E845A30511F}.Debug|Any CPU.ActiveCfg = Debug|Any CPU
		{331B7104-F686-2CE6-BA9E-2E845A30511F}.Debug|Any CPU.Build.0 = Debug|Any CPU
		{331B7104-F686-2CE6-BA9E-2E845A30511F}.Release|Any CPU.ActiveCfg = Release|Any CPU
		{331B7104-F686-2CE6-BA9E-2E845A30511F}.Release|Any CPU.Build.0 = Release|Any CPU
		{CCDD7246-8228-DC21-F57C-382DE2B41D60}.Debug|Any CPU.ActiveCfg = Debug|Any CPU
		{CCDD7246-8228-DC21-F57C-382DE2B41D60}.Debug|Any CPU.Build.0 = Debug|Any CPU
		{CCDD7246-8228-DC21-F57C-382DE2B41D60}.Release|Any CPU.ActiveCfg = Release|Any CPU
		{CCDD7246-8228-DC21-F57C-382DE2B41D60}.Release|Any CPU.Build.0 = Release|Any CPU
	EndGlobalSection
	GlobalSection(SolutionProperties) = preSolution
		HideSolutionNode = FALSE
	EndGlobalSection
EndGlobal
