
Microsoft Visual Studio Solution File, Format Version 12.00
# Visual Studio 15
Project("{FAE04EC0-301F-11D3-BF4B-00C04F79EFBC}") = "Assembly-CSharp", "Assembly-CSharp.csproj", "{DD04746B-A796-A719-606A-D6AB0F119265}"
EndProject
Project("{FAE04EC0-301F-11D3-BF4B-00C04F79EFBC}") = "Assembly-CSharp-firstpass", "Assembly-CSharp-firstpass.csproj", "{10FA6EBC-FA78-C224-88C8-A831BC3D6598}"
EndProject
Project("{FAE04EC0-301F-11D3-BF4B-00C04F79EFBC}") = "Assembly-CSharp-Editor-firstpass", "Assembly-CSharp-Editor-firstpass.csproj", "{D573D9D7-FDBF-F252-1223-102F2F6F227C}"
EndProject
Project("{FAE04EC0-301F-11D3-BF4B-00C04F79EFBC}") = "Assembly-CSharp-Editor", "Assembly-CSharp-Editor.csproj", "{E37F7AE0-7E03-F8DE-28DB-58E23A07DBDE}"
EndProject
Global
	GlobalSection(SolutionConfigurationPlatforms) = preSolution
		Debug|Any CPU = Debug|Any CPU
		Release|Any CPU = Release|Any CPU
	EndGlobalSection
	GlobalSection(ProjectConfigurationPlatforms) = postSolution
		{DD04746B-A796-A719-606A-D6AB0F119265}.Debug|Any CPU.ActiveCfg = Debug|Any CPU
		{DD04746B-A796-A719-606A-D6AB0F119265}.Debug|Any CPU.Build.0 = Debug|Any CPU
		{DD04746B-A796-A719-606A-D6AB0F119265}.Release|Any CPU.ActiveCfg = Release|Any CPU
		{DD04746B-A796-A719-606A-D6AB0F119265}.Release|Any CPU.Build.0 = Release|Any CPU
		{10FA6EBC-FA78-C224-88C8-A831BC3D6598}.Debug|Any CPU.ActiveCfg = Debug|Any CPU
		{10FA6EBC-FA78-C224-88C8-A831BC3D6598}.Debug|Any CPU.Build.0 = Debug|Any CPU
		{10FA6EBC-FA78-C224-88C8-A831BC3D6598}.Release|Any CPU.ActiveCfg = Release|Any CPU
		{10FA6EBC-FA78-C224-88C8-A831BC3D6598}.Release|Any CPU.Build.0 = Release|Any CPU
		{D573D9D7-FDBF-F252-1223-102F2F6F227C}.Debug|Any CPU.ActiveCfg = Debug|Any CPU
		{D573D9D7-FDBF-F252-1223-102F2F6F227C}.Debug|Any CPU.Build.0 = Debug|Any CPU
		{D573D9D7-FDBF-F252-1223-102F2F6F227C}.Release|Any CPU.ActiveCfg = Release|Any CPU
		{D573D9D7-FDBF-F252-1223-102F2F6F227C}.Release|Any CPU.Build.0 = Release|Any CPU
		{E37F7AE0-7E03-F8DE-28DB-58E23A07DBDE}.Debug|Any CPU.ActiveCfg = Debug|Any CPU
		{E37F7AE0-7E03-F8DE-28DB-58E23A07DBDE}.Debug|Any CPU.Build.0 = Debug|Any CPU
		{E37F7AE0-7E03-F8DE-28DB-58E23A07DBDE}.Release|Any CPU.ActiveCfg = Release|Any CPU
		{E37F7AE0-7E03-F8DE-28DB-58E23A07DBDE}.Release|Any CPU.Build.0 = Release|Any CPU
	EndGlobalSection
	GlobalSection(SolutionProperties) = preSolution
		HideSolutionNode = FALSE
	EndGlobalSection
EndGlobal
